{
    "_meta": {
        "hash": {
            "sha256": "d0f1d154cafe5f657d4de0109f6df67df1d6131a2e77fc9855aa5bd7afb141a7"
        },
        "pipfile-spec": 6,
        "requires": {
            "python_version": "3.6"
        },
        "sources": [
            {
                "name": "pypi",
                "url": "https://pypi.org/simple",
                "verify_ssl": true
            }
        ]
    },
    "default": {
        "pika": {
            "hashes": [
                "sha256:0b4c6cff9d156a3679eca6f71562535b172f54c69961be84d9bb704621319dc3",
                "sha256:fba41293b35c845bd96cfdd29981f0eeff91f705ac0c3ba361a771c4bfbc3485"
            ],
            "index": "pypi",
            "version": "==1.0.0"
        },
        "python-dotenv": {
            "hashes": [
                "sha256:a84569d0e00d178bc5b957f7ff208bf49287cbf61857c31c258c4a91f571527b",
                "sha256:c9b1ddd3cdbe75c7d462cb84674d87130f4b948f090f02c7d7144779afb99ae0"
            ],
            "index": "pypi",
            "version": "==0.10.1"
        }
    },
    "develop": {}
}
